# THIS IS AN AUTOGENERATED FILE. DO NOT EDIT THIS FILE DIRECTLY.
# yarn lockfile v1


chrome-remote-interface@0.28.2:
  version "0.28.2"
  resolved "https://registry.yarnpkg.com/chrome-remote-interface/-/chrome-remote-interface-0.28.2.tgz#6be3554d2c227ff07eb74baa7e5d4911da12a5a6"
  integrity sha512-F7mjof7rWvRNsJqhVXuiFU/HWySCxTA9tzpLxUJxVfdLkljwFJ1aMp08AnwXRmmP7r12/doTDOMwaNhFCJsacw==
  dependencies:
    commander "2.11.x"
    ws "^7.2.0"

commander@2.11.x:
  version "2.11.0"
  resolved "https://registry.yarnpkg.com/commander/-/commander-2.11.0.tgz#157152fd1e7a6c8d98a5b715cf376df928004563"
  integrity sha512-b0553uYA5YAEGgyYIGYROzKQ7X5RAqedkfjiZxwi0kL1g3bOaBNNZfYkzt/CL0umgD5wc9Jec2FbB98CjkMRvQ==

ws@^7.2.0:
  version "7.2.5"
  resolved "https://registry.yarnpkg.com/ws/-/ws-7.2.5.tgz#abb1370d4626a5a9cd79d8de404aa18b3465d10d"
  integrity sha512-C34cIU4+DB2vMyAbmEKossWq2ZQDr6QEyuuCzWrM9zfw1sGc0mYiJ0UnG9zzNykt49C2Fi34hvr2vssFQRS6EA==
